// !$*UTF8*$!
{
	archiveVersion = 1;
	classes = {
	};
	objectVersion = 50;
	objects = {

/* Begin PBXBuildFile section */
		3A13DD4D269187DC001ACB49 /* ProfileViewModel.swift in Sources */ = {isa = PBXBuildFile; fileRef = 3A13DD4C269187DB001ACB49 /* ProfileViewModel.swift */; };
		3A3C831A2692E68D004E87D0 /* Profile.swift in Sources */ = {isa = PBXBuildFile; fileRef = 3A3C83192692E68D004E87D0 /* Profile.swift */; };
		3A3C831F2692EFB7004E87D0 /* Core.swift in Sources */ = {isa = PBXBuildFile; fileRef = 3A3C831E2692EFB7004E87D0 /* Core.swift */; };
		3A3C83272692FC57004E87D0 /* UIImageView.swift in Sources */ = {isa = PBXBuildFile; fileRef = 3A3C83262692FC57004E87D0 /* UIImageView.swift */; };
		3A3C832C26930993004E87D0 /* UIView.swift in Sources */ = {isa = PBXBuildFile; fileRef = 3A3C832B26930992004E87D0 /* UIView.swift */; };
		3A3C833F26942E20004E87D0 /* LoginViewController.xib in Resources */ = {isa = PBXBuildFile; fileRef = 3A3C833E26942E20004E87D0 /* LoginViewController.xib */; };
		3A3C834D26943824004E87D0 /* RootViewController.swift in Sources */ = {isa = PBXBuildFile; fileRef = 3A3C834C26943824004E87D0 /* RootViewController.swift */; };
		3A3C835326943D2A004E87D0 /* InitialViewController.swift in Sources */ = {isa = PBXBuildFile; fileRef = 3A3C835226943D2A004E87D0 /* InitialViewController.swift */; };
		3A3C8381269485DF004E87D0 /* SwiftKeychain.swift in Sources */ = {isa = PBXBuildFile; fileRef = 3A3C8380269485DF004E87D0 /* SwiftKeychain.swift */; };
		3A3C838A2694895F004E87D0 /* AccountManager.swift in Sources */ = {isa = PBXBuildFile; fileRef = 3A3C83892694895F004E87D0 /* AccountManager.swift */; };
		3A42921A269750FD0092A2A8 /* RepositoriesViewController.xib in Resources */ = {isa = PBXBuildFile; fileRef = 3A429219269750FD0092A2A8 /* RepositoriesViewController.xib */; };
		3AC7F9202678D63100561DBB /* AppDelegate.swift in Sources */ = {isa = PBXBuildFile; fileRef = 3AC7F91F2678D63100561DBB /* AppDelegate.swift */; };
		3AC7F9222678D63100561DBB /* SceneDelegate.swift in Sources */ = {isa = PBXBuildFile; fileRef = 3AC7F9212678D63100561DBB /* SceneDelegate.swift */; };
		3AC7F9242678D63100561DBB /* LoginViewController.swift in Sources */ = {isa = PBXBuildFile; fileRef = 3AC7F9232678D63100561DBB /* LoginViewController.swift */; };
		3AC7F92A2678D63100561DBB /* GitAcademy.xcdatamodeld in Sources */ = {isa = PBXBuildFile; fileRef = 3AC7F9282678D63100561DBB /* GitAcademy.xcdatamodeld */; };
		3AC7F92C2678D63300561DBB /* Assets.xcassets in Resources */ = {isa = PBXBuildFile; fileRef = 3AC7F92B2678D63300561DBB /* Assets.xcassets */; };
		3AC7F92F2678D63300561DBB /* LaunchScreen.storyboard in Resources */ = {isa = PBXBuildFile; fileRef = 3AC7F92D2678D63300561DBB /* LaunchScreen.storyboard */; };
		3AC7F93A2678D63300561DBB /* GitAcademyTests.swift in Sources */ = {isa = PBXBuildFile; fileRef = 3AC7F9392678D63300561DBB /* GitAcademyTests.swift */; };
		3AC7F9452678D63300561DBB /* GitAcademyUITests.swift in Sources */ = {isa = PBXBuildFile; fileRef = 3AC7F9442678D63300561DBB /* GitAcademyUITests.swift */; };
		3ADA3769269180860009D500 /* NetworkRequest.swift in Sources */ = {isa = PBXBuildFile; fileRef = 3ADA3768269180860009D500 /* NetworkRequest.swift */; };
		3ADA3773269180AD0009D500 /* Repository.swift in Sources */ = {isa = PBXBuildFile; fileRef = 3ADA3772269180AD0009D500 /* Repository.swift */; };
		3ADA3778269180BD0009D500 /* User.swift in Sources */ = {isa = PBXBuildFile; fileRef = 3ADA3777269180BD0009D500 /* User.swift */; };
		3ADA4E63269637A20021DD62 /* RepositoriesViewController.swift in Sources */ = {isa = PBXBuildFile; fileRef = 3ADA4E61269637A20021DD62 /* RepositoriesViewController.swift */; };
		3ADA4E6E2696421F0021DD62 /* RepositoryDetailsCell.swift in Sources */ = {isa = PBXBuildFile; fileRef = 3ADA4E6C2696421F0021DD62 /* RepositoryDetailsCell.swift */; };
		3ADA4E6F2696421F0021DD62 /* RepositoryDetailsCell.xib in Resources */ = {isa = PBXBuildFile; fileRef = 3ADA4E6D2696421F0021DD62 /* RepositoryDetailsCell.xib */; };
		3ADB57BC2691D99100354A8F /* ProfileCell.xib in Resources */ = {isa = PBXBuildFile; fileRef = 3ADB57BB2691D99100354A8F /* ProfileCell.xib */; };
		3ADB57C12691E40100354A8F /* RepositoryCell.xib in Resources */ = {isa = PBXBuildFile; fileRef = 3ADB57C02691E40100354A8F /* RepositoryCell.xib */; };
		3ADB57CE2691E69200354A8F /* ProfileCell.swift in Sources */ = {isa = PBXBuildFile; fileRef = 3ADB57CD2691E69200354A8F /* ProfileCell.swift */; };
		3ADB57D32691E6B800354A8F /* RepositoryCell.swift in Sources */ = {isa = PBXBuildFile; fileRef = 3ADB57D22691E6B800354A8F /* RepositoryCell.swift */; };
		3ADB57DC2691E75500354A8F /* ProfileViewController.swift in Sources */ = {isa = PBXBuildFile; fileRef = 3ADB57DA2691E75500354A8F /* ProfileViewController.swift */; };
		3ADB57DD2691E75500354A8F /* ProfileViewController.xib in Resources */ = {isa = PBXBuildFile; fileRef = 3ADB57DB2691E75500354A8F /* ProfileViewController.xib */; };
/* End PBXBuildFile section */

/* Begin PBXContainerItemProxy section */
		3AC7F9362678D63300561DBB /* PBXContainerItemProxy */ = {
			isa = PBXContainerItemProxy;
			containerPortal = 3AC7F9142678D63100561DBB /* Project object */;
			proxyType = 1;
			remoteGlobalIDString = 3AC7F91B2678D63100561DBB;
			remoteInfo = GitAcademy;
		};
		3AC7F9412678D63300561DBB /* PBXContainerItemProxy */ = {
			isa = PBXContainerItemProxy;
			containerPortal = 3AC7F9142678D63100561DBB /* Project object */;
			proxyType = 1;
			remoteGlobalIDString = 3AC7F91B2678D63100561DBB;
			remoteInfo = GitAcademy;
		};
/* End PBXContainerItemProxy section */

/* Begin PBXFileReference section */
		3A13DD4C269187DB001ACB49 /* ProfileViewModel.swift */ = {isa = PBXFileReference; lastKnownFileType = sourcecode.swift; path = ProfileViewModel.swift; sourceTree = "<group>"; };
		3A3C83192692E68D004E87D0 /* Profile.swift */ = {isa = PBXFileReference; lastKnownFileType = sourcecode.swift; path = Profile.swift; sourceTree = "<group>"; };
		3A3C831E2692EFB7004E87D0 /* Core.swift */ = {isa = PBXFileReference; lastKnownFileType = sourcecode.swift; path = Core.swift; sourceTree = "<group>"; };
		3A3C83262692FC57004E87D0 /* UIImageView.swift */ = {isa = PBXFileReference; lastKnownFileType = sourcecode.swift; path = UIImageView.swift; sourceTree = "<group>"; };
		3A3C832B26930992004E87D0 /* UIView.swift */ = {isa = PBXFileReference; lastKnownFileType = sourcecode.swift; path = UIView.swift; sourceTree = "<group>"; };
		3A3C833E26942E20004E87D0 /* LoginViewController.xib */ = {isa = PBXFileReference; lastKnownFileType = file.xib; path = LoginViewController.xib; sourceTree = "<group>"; };
		3A3C834C26943824004E87D0 /* RootViewController.swift */ = {isa = PBXFileReference; lastKnownFileType = sourcecode.swift; path = RootViewController.swift; sourceTree = "<group>"; };
		3A3C835226943D2A004E87D0 /* InitialViewController.swift */ = {isa = PBXFileReference; lastKnownFileType = sourcecode.swift; path = InitialViewController.swift; sourceTree = "<group>"; };
		3A3C8380269485DF004E87D0 /* SwiftKeychain.swift */ = {isa = PBXFileReference; lastKnownFileType = sourcecode.swift; path = SwiftKeychain.swift; sourceTree = "<group>"; };
		3A3C83892694895F004E87D0 /* AccountManager.swift */ = {isa = PBXFileReference; lastKnownFileType = sourcecode.swift; path = AccountManager.swift; sourceTree = "<group>"; };
		3A429219269750FD0092A2A8 /* RepositoriesViewController.xib */ = {isa = PBXFileReference; lastKnownFileType = file.xib; path = RepositoriesViewController.xib; sourceTree = "<group>"; };
		3AC7F91C2678D63100561DBB /* GitAcademy.app */ = {isa = PBXFileReference; explicitFileType = wrapper.application; includeInIndex = 0; path = GitAcademy.app; sourceTree = BUILT_PRODUCTS_DIR; };
		3AC7F91F2678D63100561DBB /* AppDelegate.swift */ = {isa = PBXFileReference; lastKnownFileType = sourcecode.swift; path = AppDelegate.swift; sourceTree = "<group>"; };
		3AC7F9212678D63100561DBB /* SceneDelegate.swift */ = {isa = PBXFileReference; lastKnownFileType = sourcecode.swift; path = SceneDelegate.swift; sourceTree = "<group>"; };
		3AC7F9232678D63100561DBB /* LoginViewController.swift */ = {isa = PBXFileReference; lastKnownFileType = sourcecode.swift; path = LoginViewController.swift; sourceTree = "<group>"; };
		3AC7F9292678D63100561DBB /* GitAcademy.xcdatamodel */ = {isa = PBXFileReference; lastKnownFileType = wrapper.xcdatamodel; path = GitAcademy.xcdatamodel; sourceTree = "<group>"; };
		3AC7F92B2678D63300561DBB /* Assets.xcassets */ = {isa = PBXFileReference; lastKnownFileType = folder.assetcatalog; path = Assets.xcassets; sourceTree = "<group>"; };
		3AC7F92E2678D63300561DBB /* Base */ = {isa = PBXFileReference; lastKnownFileType = file.storyboard; name = Base; path = Base.lproj/LaunchScreen.storyboard; sourceTree = "<group>"; };
		3AC7F9302678D63300561DBB /* Info.plist */ = {isa = PBXFileReference; lastKnownFileType = text.plist.xml; path = Info.plist; sourceTree = "<group>"; };
		3AC7F9352678D63300561DBB /* GitAcademyTests.xctest */ = {isa = PBXFileReference; explicitFileType = wrapper.cfbundle; includeInIndex = 0; path = GitAcademyTests.xctest; sourceTree = BUILT_PRODUCTS_DIR; };
		3AC7F9392678D63300561DBB /* GitAcademyTests.swift */ = {isa = PBXFileReference; lastKnownFileType = sourcecode.swift; path = GitAcademyTests.swift; sourceTree = "<group>"; };
		3AC7F93B2678D63300561DBB /* Info.plist */ = {isa = PBXFileReference; lastKnownFileType = text.plist.xml; path = Info.plist; sourceTree = "<group>"; };
		3AC7F9402678D63300561DBB /* GitAcademyUITests.xctest */ = {isa = PBXFileReference; explicitFileType = wrapper.cfbundle; includeInIndex = 0; path = GitAcademyUITests.xctest; sourceTree = BUILT_PRODUCTS_DIR; };
		3AC7F9442678D63300561DBB /* GitAcademyUITests.swift */ = {isa = PBXFileReference; lastKnownFileType = sourcecode.swift; path = GitAcademyUITests.swift; sourceTree = "<group>"; };
		3AC7F9462678D63300561DBB /* Info.plist */ = {isa = PBXFileReference; lastKnownFileType = text.plist.xml; path = Info.plist; sourceTree = "<group>"; };
		3ADA3768269180860009D500 /* NetworkRequest.swift */ = {isa = PBXFileReference; lastKnownFileType = sourcecode.swift; path = NetworkRequest.swift; sourceTree = "<group>"; };
		3ADA3772269180AD0009D500 /* Repository.swift */ = {isa = PBXFileReference; lastKnownFileType = sourcecode.swift; path = Repository.swift; sourceTree = "<group>"; };
		3ADA3777269180BD0009D500 /* User.swift */ = {isa = PBXFileReference; lastKnownFileType = sourcecode.swift; path = User.swift; sourceTree = "<group>"; };
		3ADA4E61269637A20021DD62 /* RepositoriesViewController.swift */ = {isa = PBXFileReference; lastKnownFileType = sourcecode.swift; path = RepositoriesViewController.swift; sourceTree = "<group>"; };
		3ADA4E6C2696421F0021DD62 /* RepositoryDetailsCell.swift */ = {isa = PBXFileReference; lastKnownFileType = sourcecode.swift; path = RepositoryDetailsCell.swift; sourceTree = "<group>"; };
		3ADA4E6D2696421F0021DD62 /* RepositoryDetailsCell.xib */ = {isa = PBXFileReference; lastKnownFileType = file.xib; path = RepositoryDetailsCell.xib; sourceTree = "<group>"; };
		3ADB57BB2691D99100354A8F /* ProfileCell.xib */ = {isa = PBXFileReference; lastKnownFileType = file.xib; path = ProfileCell.xib; sourceTree = "<group>"; };
		3ADB57C02691E40100354A8F /* RepositoryCell.xib */ = {isa = PBXFileReference; lastKnownFileType = file.xib; path = RepositoryCell.xib; sourceTree = "<group>"; };
		3ADB57CD2691E69200354A8F /* ProfileCell.swift */ = {isa = PBXFileReference; lastKnownFileType = sourcecode.swift; path = ProfileCell.swift; sourceTree = "<group>"; };
		3ADB57D22691E6B800354A8F /* RepositoryCell.swift */ = {isa = PBXFileReference; lastKnownFileType = sourcecode.swift; path = RepositoryCell.swift; sourceTree = "<group>"; };
		3ADB57DA2691E75500354A8F /* ProfileViewController.swift */ = {isa = PBXFileReference; lastKnownFileType = sourcecode.swift; path = ProfileViewController.swift; sourceTree = "<group>"; };
		3ADB57DB2691E75500354A8F /* ProfileViewController.xib */ = {isa = PBXFileReference; lastKnownFileType = file.xib; path = ProfileViewController.xib; sourceTree = "<group>"; };
/* End PBXFileReference section */

/* Begin PBXFrameworksBuildPhase section */
		3AC7F9192678D63100561DBB /* Frameworks */ = {
			isa = PBXFrameworksBuildPhase;
			buildActionMask = 2147483647;
			files = (
			);
			runOnlyForDeploymentPostprocessing = 0;
		};
		3AC7F9322678D63300561DBB /* Frameworks */ = {
			isa = PBXFrameworksBuildPhase;
			buildActionMask = 2147483647;
			files = (
			);
			runOnlyForDeploymentPostprocessing = 0;
		};
		3AC7F93D2678D63300561DBB /* Frameworks */ = {
			isa = PBXFrameworksBuildPhase;
			buildActionMask = 2147483647;
			files = (
			);
			runOnlyForDeploymentPostprocessing = 0;
		};
/* End PBXFrameworksBuildPhase section */

/* Begin PBXGroup section */
		3A13DD51269187F2001ACB49 /* ViewModels */ = {
			isa = PBXGroup;
			children = (
				3A13DD4C269187DB001ACB49 /* ProfileViewModel.swift */,
			);
			path = ViewModels;
			sourceTree = "<group>";
		};
		3A3C836A26946962004E87D0 /* Login */ = {
			isa = PBXGroup;
			children = (
				3A3C833E26942E20004E87D0 /* LoginViewController.xib */,
				3AC7F9232678D63100561DBB /* LoginViewController.swift */,
			);
			name = Login;
			sourceTree = "<group>";
		};
		3A3C836B26946975004E87D0 /* Profile */ = {
			isa = PBXGroup;
			children = (
				3ADB57DB2691E75500354A8F /* ProfileViewController.xib */,
				3ADB57DA2691E75500354A8F /* ProfileViewController.swift */,
				3ADB57BA2691D93E00354A8F /* Cells */,
			);
			name = Profile;
			sourceTree = "<group>";
		};
		3A3C836C269469B5004E87D0 /* Profile */ = {
			isa = PBXGroup;
			children = (
				3ADB57BB2691D99100354A8F /* ProfileCell.xib */,
				3ADB57CD2691E69200354A8F /* ProfileCell.swift */,
			);
			name = Profile;
			sourceTree = "<group>";
		};
		3A3C836D269469DB004E87D0 /* Repository */ = {
			isa = PBXGroup;
			children = (
				3ADB57C02691E40100354A8F /* RepositoryCell.xib */,
				3ADB57D22691E6B800354A8F /* RepositoryCell.swift */,
			);
			name = Repository;
			sourceTree = "<group>";
		};
		3A3C836E26946A0E004E87D0 /* Delegate */ = {
			isa = PBXGroup;
			children = (
				3AC7F9212678D63100561DBB /* SceneDelegate.swift */,
				3AC7F91F2678D63100561DBB /* AppDelegate.swift */,
			);
			path = Delegate;
			sourceTree = "<group>";
		};
		3A3C837F269485AD004E87D0 /* Helpers */ = {
			isa = PBXGroup;
			children = (
				3A3C8380269485DF004E87D0 /* SwiftKeychain.swift */,
			);
			path = Helpers;
			sourceTree = "<group>";
		};
		3A3C838826948932004E87D0 /* Managers */ = {
			isa = PBXGroup;
			children = (
				3A3C83892694895F004E87D0 /* AccountManager.swift */,
			);
			path = Managers;
			sourceTree = "<group>";
		};
		3A42287726919AD500B54EF7 /* ViewControllers */ = {
			isa = PBXGroup;
			children = (
				3A3C835226943D2A004E87D0 /* InitialViewController.swift */,
				3A3C834C26943824004E87D0 /* RootViewController.swift */,
				3A3C836A26946962004E87D0 /* Login */,
				3A3C836B26946975004E87D0 /* Profile */,
				3ADA4E60269637410021DD62 /* Repositories */,
			);
			name = ViewControllers;
			sourceTree = "<group>";
		};
		3AC7F9132678D63100561DBB = {
			isa = PBXGroup;
			children = (
				3AC7F91E2678D63100561DBB /* GitAcademy */,
				3AC7F9382678D63300561DBB /* GitAcademyTests */,
				3AC7F9432678D63300561DBB /* GitAcademyUITests */,
				3AC7F91D2678D63100561DBB /* Products */,
			);
			sourceTree = "<group>";
		};
		3AC7F91D2678D63100561DBB /* Products */ = {
			isa = PBXGroup;
			children = (
				3AC7F91C2678D63100561DBB /* GitAcademy.app */,
				3AC7F9352678D63300561DBB /* GitAcademyTests.xctest */,
				3AC7F9402678D63300561DBB /* GitAcademyUITests.xctest */,
			);
			name = Products;
			sourceTree = "<group>";
		};
		3AC7F91E2678D63100561DBB /* GitAcademy */ = {
			isa = PBXGroup;
			children = (
				3A3C831E2692EFB7004E87D0 /* Core.swift */,
				3AE8BB502691BC20005801AD /* Extensions */,
				3A3C838826948932004E87D0 /* Managers */,
				3ADA377C269180DF0009D500 /* Models */,
				3A13DD51269187F2001ACB49 /* ViewModels */,
				3A42287726919AD500B54EF7 /* ViewControllers */,
				3A3C836E26946A0E004E87D0 /* Delegate */,
				3A3C837F269485AD004E87D0 /* Helpers */,
				3AC7F92B2678D63300561DBB /* Assets.xcassets */,
				3AC7F92D2678D63300561DBB /* LaunchScreen.storyboard */,
				3AC7F9302678D63300561DBB /* Info.plist */,
				3AC7F9282678D63100561DBB /* GitAcademy.xcdatamodeld */,
			);
			path = GitAcademy;
			sourceTree = "<group>";
		};
		3AC7F9382678D63300561DBB /* GitAcademyTests */ = {
			isa = PBXGroup;
			children = (
				3AC7F93B2678D63300561DBB /* Info.plist */,
				3AC7F9392678D63300561DBB /* GitAcademyTests.swift */,
			);
			path = GitAcademyTests;
			sourceTree = "<group>";
		};
		3AC7F9432678D63300561DBB /* GitAcademyUITests */ = {
			isa = PBXGroup;
			children = (
				3AC7F9442678D63300561DBB /* GitAcademyUITests.swift */,
				3AC7F9462678D63300561DBB /* Info.plist */,
			);
			path = GitAcademyUITests;
			sourceTree = "<group>";
		};
		3ADA377C269180DF0009D500 /* Models */ = {
			isa = PBXGroup;
			children = (
				3ADA3768269180860009D500 /* NetworkRequest.swift */,
				3ADA3772269180AD0009D500 /* Repository.swift */,
				3ADA3777269180BD0009D500 /* User.swift */,
				3A3C83192692E68D004E87D0 /* Profile.swift */,
			);
			path = Models;
			sourceTree = "<group>";
		};
		3ADA4E60269637410021DD62 /* Repositories */ = {
			isa = PBXGroup;
			children = (
				3A429219269750FD0092A2A8 /* RepositoriesViewController.xib */,
				3ADA4E61269637A20021DD62 /* RepositoriesViewController.swift */,
				3ADA4E6B269641AE0021DD62 /* Cells */,
			);
			name = Repositories;
			sourceTree = "<group>";
		};
		3ADA4E6B269641AE0021DD62 /* Cells */ = {
			isa = PBXGroup;
			children = (
				3ADA4E6C2696421F0021DD62 /* RepositoryDetailsCell.swift */,
				3ADA4E6D2696421F0021DD62 /* RepositoryDetailsCell.xib */,
			);
			name = Cells;
			sourceTree = "<group>";
		};
		3ADB57BA2691D93E00354A8F /* Cells */ = {
			isa = PBXGroup;
			children = (
				3A3C836C269469B5004E87D0 /* Profile */,
				3A3C836D269469DB004E87D0 /* Repository */,
			);
			name = Cells;
			sourceTree = "<group>";
		};
		3AE8BB502691BC20005801AD /* Extensions */ = {
			isa = PBXGroup;
			children = (
				3A3C83262692FC57004E87D0 /* UIImageView.swift */,
				3A3C832B26930992004E87D0 /* UIView.swift */,
			);
			path = Extensions;
			sourceTree = "<group>";
		};
/* End PBXGroup section */

/* Begin PBXNativeTarget section */
		3AC7F91B2678D63100561DBB /* GitAcademy */ = {
			isa = PBXNativeTarget;
			buildConfigurationList = 3AC7F9492678D63300561DBB /* Build configuration list for PBXNativeTarget "GitAcademy" */;
			buildPhases = (
				3AC7F9182678D63100561DBB /* Sources */,
				3AC7F9192678D63100561DBB /* Frameworks */,
				3AC7F91A2678D63100561DBB /* Resources */,
			);
			buildRules = (
			);
			dependencies = (
			);
			name = GitAcademy;
			productName = GitAcademy;
			productReference = 3AC7F91C2678D63100561DBB /* GitAcademy.app */;
			productType = "com.apple.product-type.application";
		};
		3AC7F9342678D63300561DBB /* GitAcademyTests */ = {
			isa = PBXNativeTarget;
			buildConfigurationList = 3AC7F94C2678D63300561DBB /* Build configuration list for PBXNativeTarget "GitAcademyTests" */;
			buildPhases = (
				3AC7F9312678D63300561DBB /* Sources */,
				3AC7F9322678D63300561DBB /* Frameworks */,
				3AC7F9332678D63300561DBB /* Resources */,
			);
			buildRules = (
			);
			dependencies = (
				3AC7F9372678D63300561DBB /* PBXTargetDependency */,
			);
			name = GitAcademyTests;
			productName = GitAcademyTests;
			productReference = 3AC7F9352678D63300561DBB /* GitAcademyTests.xctest */;
			productType = "com.apple.product-type.bundle.unit-test";
		};
		3AC7F93F2678D63300561DBB /* GitAcademyUITests */ = {
			isa = PBXNativeTarget;
			buildConfigurationList = 3AC7F94F2678D63300561DBB /* Build configuration list for PBXNativeTarget "GitAcademyUITests" */;
			buildPhases = (
				3AC7F93C2678D63300561DBB /* Sources */,
				3AC7F93D2678D63300561DBB /* Frameworks */,
				3AC7F93E2678D63300561DBB /* Resources */,
			);
			buildRules = (
			);
			dependencies = (
				3AC7F9422678D63300561DBB /* PBXTargetDependency */,
			);
			name = GitAcademyUITests;
			productName = GitAcademyUITests;
			productReference = 3AC7F9402678D63300561DBB /* GitAcademyUITests.xctest */;
			productType = "com.apple.product-type.bundle.ui-testing";
		};
/* End PBXNativeTarget section */

/* Begin PBXProject section */
		3AC7F9142678D63100561DBB /* Project object */ = {
			isa = PBXProject;
			attributes = {
				LastSwiftUpdateCheck = 1240;
				LastUpgradeCheck = 1240;
				TargetAttributes = {
					3AC7F91B2678D63100561DBB = {
						CreatedOnToolsVersion = 12.4;
					};
					3AC7F9342678D63300561DBB = {
						CreatedOnToolsVersion = 12.4;
						TestTargetID = 3AC7F91B2678D63100561DBB;
					};
					3AC7F93F2678D63300561DBB = {
						CreatedOnToolsVersion = 12.4;
						TestTargetID = 3AC7F91B2678D63100561DBB;
					};
				};
			};
			buildConfigurationList = 3AC7F9172678D63100561DBB /* Build configuration list for PBXProject "GitAcademy" */;
			compatibilityVersion = "Xcode 9.3";
			developmentRegion = en;
			hasScannedForEncodings = 0;
			knownRegions = (
				en,
				Base,
			);
			mainGroup = 3AC7F9132678D63100561DBB;
			productRefGroup = 3AC7F91D2678D63100561DBB /* Products */;
			projectDirPath = "";
			projectRoot = "";
			targets = (
				3AC7F91B2678D63100561DBB /* GitAcademy */,
				3AC7F9342678D63300561DBB /* GitAcademyTests */,
				3AC7F93F2678D63300561DBB /* GitAcademyUITests */,
			);
		};
/* End PBXProject section */

/* Begin PBXResourcesBuildPhase section */
		3AC7F91A2678D63100561DBB /* Resources */ = {
			isa = PBXResourcesBuildPhase;
			buildActionMask = 2147483647;
			files = (
				3ADA4E6F2696421F0021DD62 /* RepositoryDetailsCell.xib in Resources */,
				3ADB57DD2691E75500354A8F /* ProfileViewController.xib in Resources */,
				3AC7F92F2678D63300561DBB /* LaunchScreen.storyboard in Resources */,
				3ADB57BC2691D99100354A8F /* ProfileCell.xib in Resources */,
				3AC7F92C2678D63300561DBB /* Assets.xcassets in Resources */,
				3ADB57C12691E40100354A8F /* RepositoryCell.xib in Resources */,
				3A42921A269750FD0092A2A8 /* RepositoriesViewController.xib in Resources */,
				3A3C833F26942E20004E87D0 /* LoginViewController.xib in Resources */,
			);
			runOnlyForDeploymentPostprocessing = 0;
		};
		3AC7F9332678D63300561DBB /* Resources */ = {
			isa = PBXResourcesBuildPhase;
			buildActionMask = 2147483647;
			files = (
			);
			runOnlyForDeploymentPostprocessing = 0;
		};
		3AC7F93E2678D63300561DBB /* Resources */ = {
			isa = PBXResourcesBuildPhase;
			buildActionMask = 2147483647;
			files = (
			);
			runOnlyForDeploymentPostprocessing = 0;
		};
/* End PBXResourcesBuildPhase section */

/* Begin PBXSourcesBuildPhase section */
		3AC7F9182678D63100561DBB /* Sources */ = {
			isa = PBXSourcesBuildPhase;
			buildActionMask = 2147483647;
			files = (
				3ADB57CE2691E69200354A8F /* ProfileCell.swift in Sources */,
				3ADB57D32691E6B800354A8F /* RepositoryCell.swift in Sources */,
				3A3C834D26943824004E87D0 /* RootViewController.swift in Sources */,
				3ADA3773269180AD0009D500 /* Repository.swift in Sources */,
				3ADA4E63269637A20021DD62 /* RepositoriesViewController.swift in Sources */,
				3A3C831F2692EFB7004E87D0 /* Core.swift in Sources */,
				3A3C831A2692E68D004E87D0 /* Profile.swift in Sources */,
				3A3C838A2694895F004E87D0 /* AccountManager.swift in Sources */,
				3AC7F9242678D63100561DBB /* LoginViewController.swift in Sources */,
				3AC7F9202678D63100561DBB /* AppDelegate.swift in Sources */,
				3A3C83272692FC57004E87D0 /* UIImageView.swift in Sources */,
				3AC7F9222678D63100561DBB /* SceneDelegate.swift in Sources */,
				3A13DD4D269187DC001ACB49 /* ProfileViewModel.swift in Sources */,
				3ADA3778269180BD0009D500 /* User.swift in Sources */,
				3A3C835326943D2A004E87D0 /* InitialViewController.swift in Sources */,
				3A3C8381269485DF004E87D0 /* SwiftKeychain.swift in Sources */,
				3ADA4E6E2696421F0021DD62 /* RepositoryDetailsCell.swift in Sources */,
				3A3C832C26930993004E87D0 /* UIView.swift in Sources */,
				3ADB57DC2691E75500354A8F /* ProfileViewController.swift in Sources */,
				3AC7F92A2678D63100561DBB /* GitAcademy.xcdatamodeld in Sources */,
				3ADA3769269180860009D500 /* NetworkRequest.swift in Sources */,
			);
			runOnlyForDeploymentPostprocessing = 0;
		};
		3AC7F9312678D63300561DBB /* Sources */ = {
			isa = PBXSourcesBuildPhase;
			buildActionMask = 2147483647;
			files = (
				3AC7F93A2678D63300561DBB /* GitAcademyTests.swift in Sources */,
			);
			runOnlyForDeploymentPostprocessing = 0;
		};
		3AC7F93C2678D63300561DBB /* Sources */ = {
			isa = PBXSourcesBuildPhase;
			buildActionMask = 2147483647;
			files = (
				3AC7F9452678D63300561DBB /* GitAcademyUITests.swift in Sources */,
			);
			runOnlyForDeploymentPostprocessing = 0;
		};
/* End PBXSourcesBuildPhase section */

/* Begin PBXTargetDependency section */
		3AC7F9372678D63300561DBB /* PBXTargetDependency */ = {
			isa = PBXTargetDependency;
			target = 3AC7F91B2678D63100561DBB /* GitAcademy */;
			targetProxy = 3AC7F9362678D63300561DBB /* PBXContainerItemProxy */;
		};
		3AC7F9422678D63300561DBB /* PBXTargetDependency */ = {
			isa = PBXTargetDependency;
			target = 3AC7F91B2678D63100561DBB /* GitAcademy */;
			targetProxy = 3AC7F9412678D63300561DBB /* PBXContainerItemProxy */;
		};
/* End PBXTargetDependency section */

/* Begin PBXVariantGroup section */
		3AC7F92D2678D63300561DBB /* LaunchScreen.storyboard */ = {
			isa = PBXVariantGroup;
			children = (
				3AC7F92E2678D63300561DBB /* Base */,
			);
			name = LaunchScreen.storyboard;
			sourceTree = "<group>";
		};
/* End PBXVariantGroup section */

/* Begin XCBuildConfiguration section */
		3AC7F9472678D63300561DBB /* Debug */ = {
			isa = XCBuildConfiguration;
			buildSettings = {
				ALWAYS_SEARCH_USER_PATHS = NO;
				CLANG_ANALYZER_NONNULL = YES;
				CLANG_ANALYZER_NUMBER_OBJECT_CONVERSION = YES_AGGRESSIVE;
				CLANG_CXX_LANGUAGE_STANDARD = "gnu++14";
				CLANG_CXX_LIBRARY = "libc++";
				CLANG_ENABLE_MODULES = YES;
				CLANG_ENABLE_OBJC_ARC = YES;
				CLANG_ENABLE_OBJC_WEAK = YES;
				CLANG_WARN_BLOCK_CAPTURE_AUTORELEASING = YES;
				CLANG_WARN_BOOL_CONVERSION = YES;
				CLANG_WARN_COMMA = YES;
				CLANG_WARN_CONSTANT_CONVERSION = YES;
				CLANG_WARN_DEPRECATED_OBJC_IMPLEMENTATIONS = YES;
				CLANG_WARN_DIRECT_OBJC_ISA_USAGE = YES_ERROR;
				CLANG_WARN_DOCUMENTATION_COMMENTS = YES;
				CLANG_WARN_EMPTY_BODY = YES;
				CLANG_WARN_ENUM_CONVERSION = YES;
				CLANG_WARN_INFINITE_RECURSION = YES;
				CLANG_WARN_INT_CONVERSION = YES;
				CLANG_WARN_NON_LITERAL_NULL_CONVERSION = YES;
				CLANG_WARN_OBJC_IMPLICIT_RETAIN_SELF = YES;
				CLANG_WARN_OBJC_LITERAL_CONVERSION = YES;
				CLANG_WARN_OBJC_ROOT_CLASS = YES_ERROR;
				CLANG_WARN_QUOTED_INCLUDE_IN_FRAMEWORK_HEADER = YES;
				CLANG_WARN_RANGE_LOOP_ANALYSIS = YES;
				CLANG_WARN_STRICT_PROTOTYPES = YES;
				CLANG_WARN_SUSPICIOUS_MOVE = YES;
				CLANG_WARN_UNGUARDED_AVAILABILITY = YES_AGGRESSIVE;
				CLANG_WARN_UNREACHABLE_CODE = YES;
				CLANG_WARN__DUPLICATE_METHOD_MATCH = YES;
				COPY_PHASE_STRIP = NO;
				DEBUG_INFORMATION_FORMAT = dwarf;
				ENABLE_STRICT_OBJC_MSGSEND = YES;
				ENABLE_TESTABILITY = YES;
				GCC_C_LANGUAGE_STANDARD = gnu11;
				GCC_DYNAMIC_NO_PIC = NO;
				GCC_NO_COMMON_BLOCKS = YES;
				GCC_OPTIMIZATION_LEVEL = 0;
				GCC_PREPROCESSOR_DEFINITIONS = (
					"DEBUG=1",
					"$(inherited)",
				);
				GCC_WARN_64_TO_32_BIT_CONVERSION = YES;
				GCC_WARN_ABOUT_RETURN_TYPE = YES_ERROR;
				GCC_WARN_UNDECLARED_SELECTOR = YES;
				GCC_WARN_UNINITIALIZED_AUTOS = YES_AGGRESSIVE;
				GCC_WARN_UNUSED_FUNCTION = YES;
				GCC_WARN_UNUSED_VARIABLE = YES;
				IPHONEOS_DEPLOYMENT_TARGET = 14.4;
				MTL_ENABLE_DEBUG_INFO = INCLUDE_SOURCE;
				MTL_FAST_MATH = YES;
				ONLY_ACTIVE_ARCH = YES;
				SDKROOT = iphoneos;
				SWIFT_ACTIVE_COMPILATION_CONDITIONS = DEBUG;
				SWIFT_OPTIMIZATION_LEVEL = "-Onone";
			};
			name = Debug;
		};
		3AC7F9482678D63300561DBB /* Release */ = {
			isa = XCBuildConfiguration;
			buildSettings = {
				ALWAYS_SEARCH_USER_PATHS = NO;
				CLANG_ANALYZER_NONNULL = YES;
				CLANG_ANALYZER_NUMBER_OBJECT_CONVERSION = YES_AGGRESSIVE;
				CLANG_CXX_LANGUAGE_STANDARD = "gnu++14";
				CLANG_CXX_LIBRARY = "libc++";
				CLANG_ENABLE_MODULES = YES;
				CLANG_ENABLE_OBJC_ARC = YES;
				CLANG_ENABLE_OBJC_WEAK = YES;
				CLANG_WARN_BLOCK_CAPTURE_AUTORELEASING = YES;
				CLANG_WARN_BOOL_CONVERSION = YES;
				CLANG_WARN_COMMA = YES;
				CLANG_WARN_CONSTANT_CONVERSION = YES;
				CLANG_WARN_DEPRECATED_OBJC_IMPLEMENTATIONS = YES;
				CLANG_WARN_DIRECT_OBJC_ISA_USAGE = YES_ERROR;
				CLANG_WARN_DOCUMENTATION_COMMENTS = YES;
				CLANG_WARN_EMPTY_BODY = YES;
				CLANG_WARN_ENUM_CONVERSION = YES;
				CLANG_WARN_INFINITE_RECURSION = YES;
				CLANG_WARN_INT_CONVERSION = YES;
				CLANG_WARN_NON_LITERAL_NULL_CONVERSION = YES;
				CLANG_WARN_OBJC_IMPLICIT_RETAIN_SELF = YES;
				CLANG_WARN_OBJC_LITERAL_CONVERSION = YES;
				CLANG_WARN_OBJC_ROOT_CLASS = YES_ERROR;
				CLANG_WARN_QUOTED_INCLUDE_IN_FRAMEWORK_HEADER = YES;
				CLANG_WARN_RANGE_LOOP_ANALYSIS = YES;
				CLANG_WARN_STRICT_PROTOTYPES = YES;
				CLANG_WARN_SUSPICIOUS_MOVE = YES;
				CLANG_WARN_UNGUARDED_AVAILABILITY = YES_AGGRESSIVE;
				CLANG_WARN_UNREACHABLE_CODE = YES;
				CLANG_WARN__DUPLICATE_METHOD_MATCH = YES;
				COPY_PHASE_STRIP = NO;
				DEBUG_INFORMATION_FORMAT = "dwarf-with-dsym";
				ENABLE_NS_ASSERTIONS = NO;
				ENABLE_STRICT_OBJC_MSGSEND = YES;
				GCC_C_LANGUAGE_STANDARD = gnu11;
				GCC_NO_COMMON_BLOCKS = YES;
				GCC_WARN_64_TO_32_BIT_CONVERSION = YES;
				GCC_WARN_ABOUT_RETURN_TYPE = YES_ERROR;
				GCC_WARN_UNDECLARED_SELECTOR = YES;
				GCC_WARN_UNINITIALIZED_AUTOS = YES_AGGRESSIVE;
				GCC_WARN_UNUSED_FUNCTION = YES;
				GCC_WARN_UNUSED_VARIABLE = YES;
				IPHONEOS_DEPLOYMENT_TARGET = 14.4;
				MTL_ENABLE_DEBUG_INFO = NO;
				MTL_FAST_MATH = YES;
				SDKROOT = iphoneos;
				SWIFT_COMPILATION_MODE = wholemodule;
				SWIFT_OPTIMIZATION_LEVEL = "-O";
				VALIDATE_PRODUCT = YES;
			};
			name = Release;
		};
		3AC7F94A2678D63300561DBB /* Debug */ = {
			isa = XCBuildConfiguration;
			buildSettings = {
				ASSETCATALOG_COMPILER_APPICON_NAME = AppIcon;
				ASSETCATALOG_COMPILER_GLOBAL_ACCENT_COLOR_NAME = AccentColor;
				CODE_SIGN_STYLE = Automatic;
				DEVELOPMENT_TEAM = 8J73Q43L2S;
				INFOPLIST_FILE = GitAcademy/Info.plist;
				LD_RUNPATH_SEARCH_PATHS = (
					"$(inherited)",
					"@executable_path/Frameworks",
				);
				PRODUCT_BUNDLE_IDENTIFIER = lt.1011.GitAcademy;
				PRODUCT_NAME = "$(TARGET_NAME)";
				SWIFT_VERSION = 5.0;
				TARGETED_DEVICE_FAMILY = 1;
			};
			name = Debug;
		};
		3AC7F94B2678D63300561DBB /* Release */ = {
			isa = XCBuildConfiguration;
			buildSettings = {
				ASSETCATALOG_COMPILER_APPICON_NAME = AppIcon;
				ASSETCATALOG_COMPILER_GLOBAL_ACCENT_COLOR_NAME = AccentColor;
				CODE_SIGN_STYLE = Automatic;
				DEVELOPMENT_TEAM = 8J73Q43L2S;
				INFOPLIST_FILE = GitAcademy/Info.plist;
				LD_RUNPATH_SEARCH_PATHS = (
					"$(inherited)",
					"@executable_path/Frameworks",
				);
				PRODUCT_BUNDLE_IDENTIFIER = lt.1011.GitAcademy;
				PRODUCT_NAME = "$(TARGET_NAME)";
				SWIFT_VERSION = 5.0;
				TARGETED_DEVICE_FAMILY = 1;
			};
			name = Release;
		};
		3AC7F94D2678D63300561DBB /* Debug */ = {
			isa = XCBuildConfiguration;
			buildSettings = {
				ALWAYS_EMBED_SWIFT_STANDARD_LIBRARIES = YES;
				BUNDLE_LOADER = "$(TEST_HOST)";
				CODE_SIGN_STYLE = Automatic;
				DEVELOPMENT_TEAM = 8J73Q43L2S;
				INFOPLIST_FILE = GitAcademyTests/Info.plist;
				IPHONEOS_DEPLOYMENT_TARGET = 14.4;
				LD_RUNPATH_SEARCH_PATHS = (
					"$(inherited)",
					"@executable_path/Frameworks",
					"@loader_path/Frameworks",
				);
				PRODUCT_BUNDLE_IDENTIFIER = lt.1011.GitAcademyTests;
				PRODUCT_NAME = "$(TARGET_NAME)";
				SWIFT_VERSION = 5.0;
				TARGETED_DEVICE_FAMILY = "1,2";
				TEST_HOST = "$(BUILT_PRODUCTS_DIR)/GitAcademy.app/GitAcademy";
			};
			name = Debug;
		};
		3AC7F94E2678D63300561DBB /* Release */ = {
			isa = XCBuildConfiguration;
			buildSettings = {
				ALWAYS_EMBED_SWIFT_STANDARD_LIBRARIES = YES;
				BUNDLE_LOADER = "$(TEST_HOST)";
				CODE_SIGN_STYLE = Automatic;
				DEVELOPMENT_TEAM = 8J73Q43L2S;
				INFOPLIST_FILE = GitAcademyTests/Info.plist;
				IPHONEOS_DEPLOYMENT_TARGET = 14.4;
				LD_RUNPATH_SEARCH_PATHS = (
					"$(inherited)",
					"@executable_path/Frameworks",
					"@loader_path/Frameworks",
				);
				PRODUCT_BUNDLE_IDENTIFIER = lt.1011.GitAcademyTests;
				PRODUCT_NAME = "$(TARGET_NAME)";
				SWIFT_VERSION = 5.0;
				TARGETED_DEVICE_FAMILY = "1,2";
				TEST_HOST = "$(BUILT_PRODUCTS_DIR)/GitAcademy.app/GitAcademy";
			};
			name = Release;
		};
		3AC7F9502678D63300561DBB /* Debug */ = {
			isa = XCBuildConfiguration;
			buildSettings = {
				ALWAYS_EMBED_SWIFT_STANDARD_LIBRARIES = YES;
				CODE_SIGN_STYLE = Automatic;
				DEVELOPMENT_TEAM = 8J73Q43L2S;
				INFOPLIST_FILE = GitAcademyUITests/Info.plist;
				LD_RUNPATH_SEARCH_PATHS = (
					"$(inherited)",
					"@executable_path/Frameworks",
					"@loader_path/Frameworks",
				);
				PRODUCT_BUNDLE_IDENTIFIER = lt.1011.GitAcademyUITests;
				PRODUCT_NAME = "$(TARGET_NAME)";
				SWIFT_VERSION = 5.0;
				TARGETED_DEVICE_FAMILY = "1,2";
				TEST_TARGET_NAME = GitAcademy;
			};
			name = Debug;
		};
		3AC7F9512678D63300561DBB /* Release */ = {
			isa = XCBuildConfiguration;
			buildSettings = {
				ALWAYS_EMBED_SWIFT_STANDARD_LIBRARIES = YES;
				CODE_SIGN_STYLE = Automatic;
				DEVELOPMENT_TEAM = 8J73Q43L2S;
				INFOPLIST_FILE = GitAcademyUITests/Info.plist;
				LD_RUNPATH_SEARCH_PATHS = (
					"$(inherited)",
					"@executable_path/Frameworks",
					"@loader_path/Frameworks",
				);
				PRODUCT_BUNDLE_IDENTIFIER = lt.1011.GitAcademyUITests;
				PRODUCT_NAME = "$(TARGET_NAME)";
				SWIFT_VERSION = 5.0;
				TARGETED_DEVICE_FAMILY = "1,2";
				TEST_TARGET_NAME = GitAcademy;
			};
			name = Release;
		};
/* End XCBuildConfiguration section */

/* Begin XCConfigurationList section */
		3AC7F9172678D63100561DBB /* Build configuration list for PBXProject "GitAcademy" */ = {
			isa = XCConfigurationList;
			buildConfigurations = (
				3AC7F9472678D63300561DBB /* Debug */,
				3AC7F9482678D63300561DBB /* Release */,
			);
			defaultConfigurationIsVisible = 0;
			defaultConfigurationName = Release;
		};
		3AC7F9492678D63300561DBB /* Build configuration list for PBXNativeTarget "GitAcademy" */ = {
			isa = XCConfigurationList;
			buildConfigurations = (
				3AC7F94A2678D63300561DBB /* Debug */,
				3AC7F94B2678D63300561DBB /* Release */,
			);
			defaultConfigurationIsVisible = 0;
			defaultConfigurationName = Release;
		};
		3AC7F94C2678D63300561DBB /* Build configuration list for PBXNativeTarget "GitAcademyTests" */ = {
			isa = XCConfigurationList;
			buildConfigurations = (
				3AC7F94D2678D63300561DBB /* Debug */,
				3AC7F94E2678D63300561DBB /* Release */,
			);
			defaultConfigurationIsVisible = 0;
			defaultConfigurationName = Release;
		};
		3AC7F94F2678D63300561DBB /* Build configuration list for PBXNativeTarget "GitAcademyUITests" */ = {
			isa = XCConfigurationList;
			buildConfigurations = (
				3AC7F9502678D63300561DBB /* Debug */,
				3AC7F9512678D63300561DBB /* Release */,
			);
			defaultConfigurationIsVisible = 0;
			defaultConfigurationName = Release;
		};
/* End XCConfigurationList section */

/* Begin XCVersionGroup section */
		3AC7F9282678D63100561DBB /* GitAcademy.xcdatamodeld */ = {
			isa = XCVersionGroup;
			children = (
				3AC7F9292678D63100561DBB /* GitAcademy.xcdatamodel */,
			);
			currentVersion = 3AC7F9292678D63100561DBB /* GitAcademy.xcdatamodel */;
			path = GitAcademy.xcdatamodeld;
			sourceTree = "<group>";
			versionGroupType = wrapper.xcdatamodel;
		};
/* End XCVersionGroup section */
	};
	rootObject = 3AC7F9142678D63100561DBB /* Project object */;
}
